// !$*UTF8*$!
{
	archiveVersion = 1;
	classes = {
	};
	objectVersion = 46;
	objects = {

/* Begin PBXBuildFile section */
		18142C811E77BB3B00951CB2 /* main.m in Sources */ = {isa = PBXBuildFile; fileRef = 18142C801E77BB3B00951CB2 /* main.m */; };
		18142C841E77BB3B00951CB2 /* AppDelegate.m in Sources */ = {isa = PBXBuildFile; fileRef = 18142C831E77BB3B00951CB2 /* AppDelegate.m */; };
		18142C871E77BB3B00951CB2 /* ViewController.m in Sources */ = {isa = PBXBuildFile; fileRef = 18142C861E77BB3B00951CB2 /* ViewController.m */; };
		18142C8A1E77BB3B00951CB2 /* Main.storyboard in Resources */ = {isa = PBXBuildFile; fileRef = 18142C881E77BB3B00951CB2 /* Main.storyboard */; };
		18142C8C1E77BB3B00951CB2 /* Assets.xcassets in Resources */ = {isa = PBXBuildFile; fileRef = 18142C8B1E77BB3B00951CB2 /* Assets.xcassets */; };
		18142C8F1E77BB3B00951CB2 /* LaunchScreen.storyboard in Resources */ = {isa = PBXBuildFile; fileRef = 18142C8D1E77BB3B00951CB2 /* LaunchScreen.storyboard */; };
		18142C981E77BB8B00951CB2 /* RuntimeKit.m in Sources */ = {isa = PBXBuildFile; fileRef = 18142C971E77BB8B00951CB2 /* RuntimeKit.m */; };
/* End PBXBuildFile section */

/* Begin PBXFileReference section */
		18142C7C1E77BB3B00951CB2 /* RuntimeKit.app */ = {isa = PBXFileReference; explicitFileType = wrapper.application; includeInIndex = 0; path = RuntimeKit.app; sourceTree = BUILT_PRODUCTS_DIR; };
		18142C801E77BB3B00951CB2 /* main.m */ = {isa = PBXFileReference; lastKnownFileType = sourcecode.c.objc; path = main.m; sourceTree = "<group>"; };
		18142C821E77BB3B00951CB2 /* AppDelegate.h */ = {isa = PBXFileReference; lastKnownFileType = sourcecode.c.h; path = AppDelegate.h; sourceTree = "<group>"; };
		18142C831E77BB3B00951CB2 /* AppDelegate.m */ = {isa = PBXFileReference; lastKnownFileType = sourcecode.c.objc; path = AppDelegate.m; sourceTree = "<group>"; };
		18142C851E77BB3B00951CB2 /* ViewController.h */ = {isa = PBXFileReference; lastKnownFileType = sourcecode.c.h; path = ViewController.h; sourceTree = "<group>"; };
		18142C861E77BB3B00951CB2 /* ViewController.m */ = {isa = PBXFileReference; lastKnownFileType = sourcecode.c.objc; path = ViewController.m; sourceTree = "<group>"; };
		18142C891E77BB3B00951CB2 /* Base */ = {isa = PBXFileReference; lastKnownFileType = file.storyboard; name = Base; path = Base.lproj/Main.storyboard; sourceTree = "<group>"; };
		18142C8B1E77BB3B00951CB2 /* Assets.xcassets */ = {isa = PBXFileReference; lastKnownFileType = folder.assetcatalog; path = Assets.xcassets; sourceTree = "<group>"; };
		18142C8E1E77BB3B00951CB2 /* Base */ = {isa = PBXFileReference; lastKnownFileType = file.storyboard; name = Base; path = Base.lproj/LaunchScreen.storyboard; sourceTree = "<group>"; };
		18142C901E77BB3B00951CB2 /* Info.plist */ = {isa = PBXFileReference; lastKnownFileType = text.plist.xml; path = Info.plist; sourceTree = "<group>"; };
		18142C961E77BB8B00951CB2 /* RuntimeKit.h */ = {isa = PBXFileReference; fileEncoding = 4; lastKnownFileType = sourcecode.c.h; path = RuntimeKit.h; sourceTree = "<group>"; };
		18142C971E77BB8B00951CB2 /* RuntimeKit.m */ = {isa = PBXFileReference; fileEncoding = 4; lastKnownFileType = sourcecode.c.objc; path = RuntimeKit.m; sourceTree = "<group>"; };
/* End PBXFileReference section */

/* Begin PBXFrameworksBuildPhase section */
		18142C791E77BB3B00951CB2 /* Frameworks */ = {
			isa = PBXFrameworksBuildPhase;
			buildActionMask = 2147483647;
			files = (
			);
			runOnlyForDeploymentPostprocessing = 0;
		};
/* End PBXFrameworksBuildPhase section */

/* Begin PBXGroup section */
		18142C731E77BB3B00951CB2 = {
			isa = PBXGroup;
			children = (
				18142C7E1E77BB3B00951CB2 /* RuntimeKit */,
				18142C7D1E77BB3B00951CB2 /* Products */,
			);
			sourceTree = "<group>";
		};
		18142C7D1E77BB3B00951CB2 /* Products */ = {
			isa = PBXGroup;
			children = (
				18142C7C1E77BB3B00951CB2 /* RuntimeKit.app */,
			);
			name = Products;
			sourceTree = "<group>";
		};
		18142C7E1E77BB3B00951CB2 /* RuntimeKit */ = {
			isa = PBXGroup;
			children = (
				18142C821E77BB3B00951CB2 /* AppDelegate.h */,
				18142C831E77BB3B00951CB2 /* AppDelegate.m */,
				18142C851E77BB3B00951CB2 /* ViewController.h */,
				18142C861E77BB3B00951CB2 /* ViewController.m */,
				18142C961E77BB8B00951CB2 /* RuntimeKit.h */,
				18142C971E77BB8B00951CB2 /* RuntimeKit.m */,
				18142C881E77BB3B00951CB2 /* Main.storyboard */,
				18142C8B1E77BB3B00951CB2 /* Assets.xcassets */,
				18142C8D1E77BB3B00951CB2 /* LaunchScreen.storyboard */,
				18142C901E77BB3B00951CB2 /* Info.plist */,
				18142C7F1E77BB3B00951CB2 /* Supporting Files */,
			);
			path = RuntimeKit;
			sourceTree = "<group>";
		};
		18142C7F1E77BB3B00951CB2 /* Supporting Files */ = {
			isa = PBXGroup;
			children = (
				18142C801E77BB3B00951CB2 /* main.m */,
			);
			name = "Supporting Files";
			sourceTree = "<group>";
		};
/* End PBXGroup section */

/* Begin PBXNativeTarget section */
		18142C7B1E77BB3B00951CB2 /* RuntimeKit */ = {
			isa = PBXNativeTarget;
			buildConfigurationList = 18142C931E77BB3B00951CB2 /* Build configuration list for PBXNativeTarget "RuntimeKit" */;
			buildPhases = (
				18142C781E77BB3B00951CB2 /* Sources */,
				18142C791E77BB3B00951CB2 /* Frameworks */,
				18142C7A1E77BB3B00951CB2 /* Resources */,
			);
			buildRules = (
			);
			dependencies = (
			);
			name = RuntimeKit;
			productName = RuntimeKit;
			productReference = 18142C7C1E77BB3B00951CB2 /* RuntimeKit.app */;
			productType = "com.apple.product-type.application";
		};
/* End PBXNativeTarget section */

/* Begin PBXProject section */
		18142C741E77BB3B00951CB2 /* Project object */ = {
			isa = PBXProject;
			attributes = {
				LastUpgradeCheck = 0820;
				ORGANIZATIONNAME = Mr.chi;
				TargetAttributes = {
					18142C7B1E77BB3B00951CB2 = {
						CreatedOnToolsVersion = 8.2.1;
						ProvisioningStyle = Automatic;
					};
				};
			};
			buildConfigurationList = 18142C771E77BB3B00951CB2 /* Build configuration list for PBXProject "RuntimeKit" */;
			compatibilityVersion = "Xcode 3.2";
			developmentRegion = English;
			hasScannedForEncodings = 0;
			knownRegions = (
				en,
				Base,
			);
			mainGroup = 18142C731E77BB3B00951CB2;
			productRefGroup = 18142C7D1E77BB3B00951CB2 /* Products */;
			projectDirPath = "";
			projectRoot = "";
			targets = (
				18142C7B1E77BB3B00951CB2 /* RuntimeKit */,
			);
		};
/* End PBXProject section */

/* Begin PBXResourcesBuildPhase section */
		18142C7A1E77BB3B00951CB2 /* Resources */ = {
			isa = PBXResourcesBuildPhase;
			buildActionMask = 2147483647;
			files = (
				18142C8F1E77BB3B00951CB2 /* LaunchScreen.storyboard in Resources */,
				18142C8C1E77BB3B00951CB2 /* Assets.xcassets in Resources */,
				18142C8A1E77BB3B00951CB2 /* Main.storyboard in Resources */,
			);
			runOnlyForDeploymentPostprocessing = 0;
		};
/* End PBXResourcesBuildPhase section */

/* Begin PBXSourcesBuildPhase section */
		18142C781E77BB3B00951CB2 /* Sources */ = {
			isa = PBXSourcesBuildPhase;
			buildActionMask = 2147483647;
			files = (
				18142C871E77BB3B00951CB2 /* ViewController.m in Sources */,
				18142C841E77BB3B00951CB2 /* AppDelegate.m in Sources */,
				18142C811E77BB3B00951CB2 /* main.m in Sources */,
				18142C981E77BB8B00951CB2 /* RuntimeKit.m in Sources */,
			);
			runOnlyForDeploymentPostprocessing = 0;
		};
/* End PBXSourcesBuildPhase section */

/* Begin PBXVariantGroup section */
		18142C881E77BB3B00951CB2 /* Main.storyboard */ = {
			isa = PBXVariantGroup;
			children = (
				18142C891E77BB3B00951CB2 /* Base */,
			);
			name = Main.storyboard;
			sourceTree = "<group>";
		};
		18142C8D1E77BB3B00951CB2 /* LaunchScreen.storyboard */ = {
			isa = PBXVariantGroup;
			children = (
				18142C8E1E77BB3B00951CB2 /* Base */,
			);
			name = LaunchScreen.storyboard;
			sourceTree = "<group>";
		};
/* End PBXVariantGroup section */

/* Begin XCBuildConfiguration section */
		18142C911E77BB3B00951CB2 /* Debug */ = {
			isa = XCBuildConfiguration;
			buildSettings = {
				ALWAYS_SEARCH_USER_PATHS = NO;
				CLANG_ANALYZER_NONNULL = YES;
				CLANG_CXX_LANGUAGE_STANDARD = "gnu++0x";
				CLANG_CXX_LIBRARY = "libc++";
				CLANG_ENABLE_MODULES = YES;
				CLANG_ENABLE_OBJC_ARC = YES;
				CLANG_WARN_BOOL_CONVERSION = YES;
				CLANG_WARN_CONSTANT_CONVERSION = YES;
				CLANG_WARN_DIRECT_OBJC_ISA_USAGE = YES_ERROR;
				CLANG_WARN_DOCUMENTATION_COMMENTS = YES;
				CLANG_WARN_EMPTY_BODY = YES;
				CLANG_WARN_ENUM_CONVERSION = YES;
				CLANG_WARN_INFINITE_RECURSION = YES;
				CLANG_WARN_INT_CONVERSION = YES;
				CLANG_WARN_OBJC_ROOT_CLASS = YES_ERROR;
				CLANG_WARN_SUSPICIOUS_MOVE = YES;
				CLANG_WARN_UNREACHABLE_CODE = YES;
				CLANG_WARN__DUPLICATE_METHOD_MATCH = YES;
				"CODE_SIGN_IDENTITY[sdk=iphoneos*]" = "iPhone Developer";
				COPY_PHASE_STRIP = NO;
				DEBUG_INFORMATION_FORMAT = dwarf;
				ENABLE_STRICT_OBJC_MSGSEND = YES;
				ENABLE_TESTABILITY = YES;
				GCC_C_LANGUAGE_STANDARD = gnu99;
				GCC_DYNAMIC_NO_PIC = NO;
				GCC_NO_COMMON_BLOCKS = YES;
				GCC_OPTIMIZATION_LEVEL = 0;
				GCC_PREPROCESSOR_DEFINITIONS = (
					"DEBUG=1",
					"$(inherited)",
				);
				GCC_WARN_64_TO_32_BIT_CONVERSION = YES;
				GCC_WARN_ABOUT_RETURN_TYPE = YES_ERROR;
				GCC_WARN_UNDECLARED_SELECTOR = YES;
				GCC_WARN_UNINITIALIZED_AUTOS = YES_AGGRESSIVE;
				GCC_WARN_UNUSED_FUNCTION = YES;
				GCC_WARN_UNUSED_VARIABLE = YES;
				IPHONEOS_DEPLOYMENT_TARGET = 10.2;
				MTL_ENABLE_DEBUG_INFO = YES;
				ONLY_ACTIVE_ARCH = YES;
				SDKROOT = iphoneos;
			};
			name = Debug;
		};
		18142C921E77BB3B00951CB2 /* Release */ = {
			isa = XCBuildConfiguration;
			buildSettings = {
				ALWAYS_SEARCH_USER_PATHS = NO;
				CLANG_ANALYZER_NONNULL = YES;
				CLANG_CXX_LANGUAGE_STANDARD = "gnu++0x";
				CLANG_CXX_LIBRARY = "libc++";
				CLANG_ENABLE_MODULES = YES;
				CLANG_ENABLE_OBJC_ARC = YES;
				CLANG_WARN_BOOL_CONVERSION = YES;
				CLANG_WARN_CONSTANT_CONVERSION = YES;
				CLANG_WARN_DIRECT_OBJC_ISA_USAGE = YES_ERROR;
				CLANG_WARN_DOCUMENTATION_COMMENTS = YES;
				CLANG_WARN_EMPTY_BODY = YES;
				CLANG_WARN_ENUM_CONVERSION = YES;
				CLANG_WARN_INFINITE_RECURSION = YES;
				CLANG_WARN_INT_CONVERSION = YES;
				CLANG_WARN_OBJC_ROOT_CLASS = YES_ERROR;
				CLANG_WARN_SUSPICIOUS_MOVE = YES;
				CLANG_WARN_UNREACHABLE_CODE = YES;
				CLANG_WARN__DUPLICATE_METHOD_MATCH = YES;
				"CODE_SIGN_IDENTITY[sdk=iphoneos*]" = "iPhone Developer";
				COPY_PHASE_STRIP = NO;
				DEBUG_INFORMATION_FORMAT = "dwarf-with-dsym";
				ENABLE_NS_ASSERTIONS = NO;
				ENABLE_STRICT_OBJC_MSGSEND = YES;
				GCC_C_LANGUAGE_STANDARD = gnu99;
				GCC_NO_COMMON_BLOCKS = YES;
				GCC_WARN_64_TO_32_BIT_CONVERSION = YES;
				GCC_WARN_ABOUT_RETURN_TYPE = YES_ERROR;
				GCC_WARN_UNDECLARED_SELECTOR = YES;
				GCC_WARN_UNINITIALIZED_AUTOS = YES_AGGRESSIVE;
				GCC_WARN_UNUSED_FUNCTION = YES;
				GCC_WARN_UNUSED_VARIABLE = YES;
				IPHONEOS_DEPLOYMENT_TARGET = 10.2;
				MTL_ENABLE_DEBUG_INFO = NO;
				SDKROOT = iphoneos;
				VALIDATE_PRODUCT = YES;
			};
			name = Release;
		};
		18142C941E77BB3B00951CB2 /* Debug */ = {
			isa = XCBuildConfiguration;
			buildSettings = {
				ASSETCATALOG_COMPILER_APPICON_NAME = AppIcon;
				INFOPLIST_FILE = RuntimeKit/Info.plist;
				LD_RUNPATH_SEARCH_PATHS = "$(inherited) @executable_path/Frameworks";
				PRODUCT_BUNDLE_IDENTIFIER = com.industryillusion.RuntimeKit;
				PRODUCT_NAME = "$(TARGET_NAME)";
			};
			name = Debug;
		};
		18142C951E77BB3B00951CB2 /* Release */ = {
			isa = XCBuildConfiguration;
			buildSettings = {
				ASSETCATALOG_COMPILER_APPICON_NAME = AppIcon;
				INFOPLIST_FILE = RuntimeKit/Info.plist;
				LD_RUNPATH_SEARCH_PATHS = "$(inherited) @executable_path/Frameworks";
				PRODUCT_BUNDLE_IDENTIFIER = com.industryillusion.RuntimeKit;
				PRODUCT_NAME = "$(TARGET_NAME)";
			};
			name = Release;
		};
/* End XCBuildConfiguration section */

/* Begin XCConfigurationList section */
		18142C771E77BB3B00951CB2 /* Build configuration list for PBXProject "RuntimeKit" */ = {
			isa = XCConfigurationList;
			buildConfigurations = (
				18142C911E77BB3B00951CB2 /* Debug */,
				18142C921E77BB3B00951CB2 /* Release */,
			);
			defaultConfigurationIsVisible = 0;
			defaultConfigurationName = Release;
		};
		18142C931E77BB3B00951CB2 /* Build configuration list for PBXNativeTarget "RuntimeKit" */ = {
			isa = XCConfigurationList;
			buildConfigurations = (
				18142C941E77BB3B00951CB2 /* Debug */,
				18142C951E77BB3B00951CB2 /* Release */,
			);
			defaultConfigurationIsVisible = 0;
		};
/* End XCConfigurationList section */
	};
	rootObject = 18142C741E77BB3B00951CB2 /* Project object */;
}
